{
  "name": "@testduet/root",
  "version": "0.1.0-0",
  "lockfileVersion": 3,
  "requires": true,
  "packages": {
    "": {
      "name": "@testduet/root",
      "version": "0.1.0-0",
      "workspaces": [
        "packages/common",
        "packages/test-harness",
        "packages/describe-each",
        "packages/pages",
        "packages/integration-test"
      ]
    },
    "node_modules/@testduet/common": {
      "resolved": "packages/common",
      "link": true
    },
    "node_modules/@testduet/describe-each": {
      "resolved": "packages/describe-each",
      "link": true
    },
    "node_modules/@testduet/integration-test": {
      "resolved": "packages/integration-test",
      "link": true
    },
    "node_modules/@testduet/pages": {
      "resolved": "packages/pages",
      "link": true
    },
    "node_modules/@testduet/test-harness": {
      "resolved": "packages/test-harness",
      "link": true
    },
    "packages/common": {
      "name": "@testduet/common",
      "version": "0.0.0-0"
    },
    "packages/describe-each": {
      "name": "@testduet/describe-each",
      "version": "0.0.0-0"
    },
    "packages/integration-test": {
      "name": "@testduet/integration-test",
      "version": "0.0.0-0"
    },
    "packages/pages": {
      "name": "@testduet/pages",
      "version": "0.0.0-0"
    },
    "packages/test-harness": {
      "name": "@testduet/test-harness",
      "version": "0.0.0-0"
    }
  }
}
